
Microsoft Visual Studio Solution File, Format Version 12.00
# Visual Studio Version 16
VisualStudioVersion = 16.0.32228.343
MinimumVisualStudioVersion = 10.0.40219.1
Project("{FAE04EC0-301F-11D3-BF4B-00C04F79EFBC}") = "WpfBank_App", "WpfBank_App\WpfBank_App.csproj", "{AB607822-D812-4A3B-8949-12BE8F39C3BB}"
EndProject
Project("{FAE04EC0-301F-11D3-BF4B-00C04F79EFBC}") = "ClassLibrary1", "ClassLibrary1\ClassLibrary1.csproj", "{0AD8210C-E2C5-4831-BE81-48A7D1729618}"
EndProject
Global
	GlobalSection(SolutionConfigurationPlatforms) = preSolution
		Debug|Any CPU = Debug|Any CPU
		Release|Any CPU = Release|Any CPU
	EndGlobalSection
	GlobalSection(ProjectConfigurationPlatforms) = postSolution
		{AB607822-D812-4A3B-8949-12BE8F39C3BB}.Debug|Any CPU.ActiveCfg = Debug|Any CPU
		{AB607822-D812-4A3B-8949-12BE8F39C3BB}.Debug|Any CPU.Build.0 = Debug|Any CPU
		{AB607822-D812-4A3B-8949-12BE8F39C3BB}.Release|Any CPU.ActiveCfg = Release|Any CPU
		{AB607822-D812-4A3B-8949-12BE8F39C3BB}.Release|Any CPU.Build.0 = Release|Any CPU
		{0AD8210C-E2C5-4831-BE81-48A7D1729618}.Debug|Any CPU.ActiveCfg = Debug|Any CPU
		{0AD8210C-E2C5-4831-BE81-48A7D1729618}.Debug|Any CPU.Build.0 = Debug|Any CPU
		{0AD8210C-E2C5-4831-BE81-48A7D1729618}.Release|Any CPU.ActiveCfg = Release|Any CPU
		{0AD8210C-E2C5-4831-BE81-48A7D1729618}.Release|Any CPU.Build.0 = Release|Any CPU
	EndGlobalSection
	GlobalSection(SolutionProperties) = preSolution
		HideSolutionNode = FALSE
	EndGlobalSection
	GlobalSection(ExtensibilityGlobals) = postSolution
		SolutionGuid = {847401B5-7198-4F07-97BC-85AFBC40284F}
	EndGlobalSection
EndGlobal
